// !$*UTF8*$!
{
	archiveVersion = 1;
	classes = {
	};
	objectVersion = 46;
	objects = {

/* Begin PBXBuildFile section */
		AF0A660C1C80C4A20008E41B /* AppDelegate.swift in Sources */ = {isa = PBXBuildFile; fileRef = AF0A660B1C80C4A20008E41B /* AppDelegate.swift */; };
		AF0A660E1C80C4A20008E41B /* HomeViewController.swift in Sources */ = {isa = PBXBuildFile; fileRef = AF0A660D1C80C4A20008E41B /* HomeViewController.swift */; };
		AF0A66111C80C4A20008E41B /* Main.storyboard in Resources */ = {isa = PBXBuildFile; fileRef = AF0A660F1C80C4A20008E41B /* Main.storyboard */; };
		AF0A66131C80C4A20008E41B /* Assets.xcassets in Resources */ = {isa = PBXBuildFile; fileRef = AF0A66121C80C4A20008E41B /* Assets.xcassets */; };
		AF0A66161C80C4A20008E41B /* LaunchScreen.storyboard in Resources */ = {isa = PBXBuildFile; fileRef = AF0A66141C80C4A20008E41B /* LaunchScreen.storyboard */; };
		AF0A66211C80C6470008E41B /* API.swift in Sources */ = {isa = PBXBuildFile; fileRef = AF0A66201C80C6470008E41B /* API.swift */; };
		AF0A662F1C80F8F10008E41B /* ModelAdditions.swift in Sources */ = {isa = PBXBuildFile; fileRef = AF0A662E1C80F8F10008E41B /* ModelAdditions.swift */; };
		AF0A66351C8125360008E41B /* Identity.swift in Sources */ = {isa = PBXBuildFile; fileRef = AF0A66341C8125360008E41B /* Identity.swift */; };
		AF0A663A1C8129BF0008E41B /* Matches.swift in Sources */ = {isa = PBXBuildFile; fileRef = AF0A66391C8129BF0008E41B /* Matches.swift */; };
		AF0A663C1C817C030008E41B /* RecipeCollectionViewCell.swift in Sources */ = {isa = PBXBuildFile; fileRef = AF0A663B1C817C030008E41B /* RecipeCollectionViewCell.swift */; };
		AF0A663E1C84C6EA0008E41B /* GroceryViewController.swift in Sources */ = {isa = PBXBuildFile; fileRef = AF0A663D1C84C6EA0008E41B /* GroceryViewController.swift */; };
		AF0A66401C84DBB00008E41B /* InfoViewController.swift in Sources */ = {isa = PBXBuildFile; fileRef = AF0A663F1C84DBB00008E41B /* InfoViewController.swift */; };
		AF0A66421C84E0EF0008E41B /* IngredientTableViewCell.swift in Sources */ = {isa = PBXBuildFile; fileRef = AF0A66411C84E0EF0008E41B /* IngredientTableViewCell.swift */; };
		AF0A66441C84EDB60008E41B /* SearchViewController.swift in Sources */ = {isa = PBXBuildFile; fileRef = AF0A66431C84EDB60008E41B /* SearchViewController.swift */; };
		AF0A66461C8511910008E41B /* WebViewController.swift in Sources */ = {isa = PBXBuildFile; fileRef = AF0A66451C8511910008E41B /* WebViewController.swift */; };
		AF0A664C1C8632CB0008E41B /* SearchRecipeCell.swift in Sources */ = {isa = PBXBuildFile; fileRef = AF0A664B1C8632CB0008E41B /* SearchRecipeCell.swift */; };
		AF0A664E1C86620A0008E41B /* GroceryTask.swift in Sources */ = {isa = PBXBuildFile; fileRef = AF0A664D1C86620A0008E41B /* GroceryTask.swift */; };
		AF0A66541C8662A80008E41B /* Grocery.swift in Sources */ = {isa = PBXBuildFile; fileRef = AF0A66531C8662A80008E41B /* Grocery.swift */; };
		AF0A66561C8667790008E41B /* Additions.swift in Sources */ = {isa = PBXBuildFile; fileRef = AF0A66551C8667790008E41B /* Additions.swift */; };
		AF0A66581C8668FB0008E41B /* GroceryMemory.swift in Sources */ = {isa = PBXBuildFile; fileRef = AF0A66571C8668FB0008E41B /* GroceryMemory.swift */; };
		AF66A3BB1C8751B900EAAD9A /* InfoTableViewCell.swift in Sources */ = {isa = PBXBuildFile; fileRef = AF66A3BA1C8751B900EAAD9A /* InfoTableViewCell.swift */; };
		AFFBBD0D1C88C17800958A3D /* SearchCollectionFlowLayout.swift in Sources */ = {isa = PBXBuildFile; fileRef = AFFBBD0C1C88C17800958A3D /* SearchCollectionFlowLayout.swift */; };
/* End PBXBuildFile section */

/* Begin PBXFileReference section */
		AF0A66081C80C4A20008E41B /* Project1.app */ = {isa = PBXFileReference; explicitFileType = wrapper.application; includeInIndex = 0; path = Project1.app; sourceTree = BUILT_PRODUCTS_DIR; };
		AF0A660B1C80C4A20008E41B /* AppDelegate.swift */ = {isa = PBXFileReference; lastKnownFileType = sourcecode.swift; path = AppDelegate.swift; sourceTree = "<group>"; };
		AF0A660D1C80C4A20008E41B /* HomeViewController.swift */ = {isa = PBXFileReference; lastKnownFileType = sourcecode.swift; path = HomeViewController.swift; sourceTree = "<group>"; };
		AF0A66101C80C4A20008E41B /* Base */ = {isa = PBXFileReference; lastKnownFileType = file.storyboard; name = Base; path = Base.lproj/Main.storyboard; sourceTree = "<group>"; };
		AF0A66121C80C4A20008E41B /* Assets.xcassets */ = {isa = PBXFileReference; lastKnownFileType = folder.assetcatalog; path = Assets.xcassets; sourceTree = "<group>"; };
		AF0A66151C80C4A20008E41B /* Base */ = {isa = PBXFileReference; lastKnownFileType = file.storyboard; name = Base; path = Base.lproj/LaunchScreen.storyboard; sourceTree = "<group>"; };
		AF0A66171C80C4A20008E41B /* Info.plist */ = {isa = PBXFileReference; lastKnownFileType = text.plist.xml; path = Info.plist; sourceTree = "<group>"; };
		AF0A66201C80C6470008E41B /* API.swift */ = {isa = PBXFileReference; fileEncoding = 4; lastKnownFileType = sourcecode.swift; path = API.swift; sourceTree = "<group>"; };
		AF0A662E1C80F8F10008E41B /* ModelAdditions.swift */ = {isa = PBXFileReference; fileEncoding = 4; lastKnownFileType = sourcecode.swift; path = ModelAdditions.swift; sourceTree = "<group>"; };
		AF0A66341C8125360008E41B /* Identity.swift */ = {isa = PBXFileReference; fileEncoding = 4; lastKnownFileType = sourcecode.swift; path = Identity.swift; sourceTree = "<group>"; };
		AF0A66391C8129BF0008E41B /* Matches.swift */ = {isa = PBXFileReference; fileEncoding = 4; lastKnownFileType = sourcecode.swift; path = Matches.swift; sourceTree = "<group>"; };
		AF0A663B1C817C030008E41B /* RecipeCollectionViewCell.swift */ = {isa = PBXFileReference; fileEncoding = 4; lastKnownFileType = sourcecode.swift; name = RecipeCollectionViewCell.swift; path = ../RecipeCollectionViewCell.swift; sourceTree = "<group>"; };
		AF0A663D1C84C6EA0008E41B /* GroceryViewController.swift */ = {isa = PBXFileReference; fileEncoding = 4; lastKnownFileType = sourcecode.swift; path = GroceryViewController.swift; sourceTree = "<group>"; };
		AF0A663F1C84DBB00008E41B /* InfoViewController.swift */ = {isa = PBXFileReference; fileEncoding = 4; lastKnownFileType = sourcecode.swift; path = InfoViewController.swift; sourceTree = "<group>"; };
		AF0A66411C84E0EF0008E41B /* IngredientTableViewCell.swift */ = {isa = PBXFileReference; fileEncoding = 4; lastKnownFileType = sourcecode.swift; path = IngredientTableViewCell.swift; sourceTree = "<group>"; };
		AF0A66431C84EDB60008E41B /* SearchViewController.swift */ = {isa = PBXFileReference; fileEncoding = 4; lastKnownFileType = sourcecode.swift; path = SearchViewController.swift; sourceTree = "<group>"; };
		AF0A66451C8511910008E41B /* WebViewController.swift */ = {isa = PBXFileReference; fileEncoding = 4; lastKnownFileType = sourcecode.swift; path = WebViewController.swift; sourceTree = "<group>"; };
		AF0A664B1C8632CB0008E41B /* SearchRecipeCell.swift */ = {isa = PBXFileReference; fileEncoding = 4; lastKnownFileType = sourcecode.swift; path = SearchRecipeCell.swift; sourceTree = "<group>"; };
		AF0A664D1C86620A0008E41B /* GroceryTask.swift */ = {isa = PBXFileReference; fileEncoding = 4; lastKnownFileType = sourcecode.swift; name = GroceryTask.swift; path = Project1/GroceryTask.swift; sourceTree = "<group>"; };
		AF0A66531C8662A80008E41B /* Grocery.swift */ = {isa = PBXFileReference; fileEncoding = 4; lastKnownFileType = sourcecode.swift; path = Grocery.swift; sourceTree = "<group>"; };
		AF0A66551C8667790008E41B /* Additions.swift */ = {isa = PBXFileReference; fileEncoding = 4; lastKnownFileType = sourcecode.swift; path = Additions.swift; sourceTree = "<group>"; };
		AF0A66571C8668FB0008E41B /* GroceryMemory.swift */ = {isa = PBXFileReference; fileEncoding = 4; lastKnownFileType = sourcecode.swift; path = GroceryMemory.swift; sourceTree = "<group>"; };
		AF66A3BA1C8751B900EAAD9A /* InfoTableViewCell.swift */ = {isa = PBXFileReference; fileEncoding = 4; lastKnownFileType = sourcecode.swift; path = InfoTableViewCell.swift; sourceTree = "<group>"; };
		AFFBBD0C1C88C17800958A3D /* SearchCollectionFlowLayout.swift */ = {isa = PBXFileReference; fileEncoding = 4; lastKnownFileType = sourcecode.swift; path = SearchCollectionFlowLayout.swift; sourceTree = "<group>"; };
/* End PBXFileReference section */

/* Begin PBXFrameworksBuildPhase section */
		AF0A66051C80C4A20008E41B /* Frameworks */ = {
			isa = PBXFrameworksBuildPhase;
			buildActionMask = 2147483647;
			files = (
			);
			runOnlyForDeploymentPostprocessing = 0;
		};
/* End PBXFrameworksBuildPhase section */

/* Begin PBXGroup section */
		AF0A65FF1C80C4A20008E41B = {
			isa = PBXGroup;
			children = (
				AF0A660A1C80C4A20008E41B /* Project1 */,
				AF0A66091C80C4A20008E41B /* Products */,
			);
			sourceTree = "<group>";
		};
		AF0A66091C80C4A20008E41B /* Products */ = {
			isa = PBXGroup;
			children = (
				AF0A66081C80C4A20008E41B /* Project1.app */,
			);
			name = Products;
			sourceTree = "<group>";
		};
		AF0A660A1C80C4A20008E41B /* Project1 */ = {
			isa = PBXGroup;
			children = (
				AF0A660B1C80C4A20008E41B /* AppDelegate.swift */,
				AF0A660F1C80C4A20008E41B /* Main.storyboard */,
				AF0A66221C80C64A0008E41B /* API */,
				AF0A662B1C80F1740008E41B /* Models */,
				AF0A661E1C80C62E0008E41B /* VIew */,
				AF0A661D1C80C6270008E41B /* Controller */,
				AF0A66121C80C4A20008E41B /* Assets.xcassets */,
				AF0A66141C80C4A20008E41B /* LaunchScreen.storyboard */,
				AF0A66171C80C4A20008E41B /* Info.plist */,
				AF0A66361C8125390008E41B /* Identity */,
			);
			path = Project1;
			sourceTree = "<group>";
		};
		AF0A661D1C80C6270008E41B /* Controller */ = {
			isa = PBXGroup;
			children = (
				AF0A66451C8511910008E41B /* WebViewController.swift */,
				AF0A663F1C84DBB00008E41B /* InfoViewController.swift */,
				AF0A660D1C80C4A20008E41B /* HomeViewController.swift */,
				AF0A66431C84EDB60008E41B /* SearchViewController.swift */,
				AF0A663D1C84C6EA0008E41B /* GroceryViewController.swift */,
			);
			name = Controller;
			sourceTree = "<group>";
		};
		AF0A661E1C80C62E0008E41B /* VIew */ = {
			isa = PBXGroup;
			children = (
				AFFBBD0C1C88C17800958A3D /* SearchCollectionFlowLayout.swift */,
				AF0A664B1C8632CB0008E41B /* SearchRecipeCell.swift */,
				AF0A663B1C817C030008E41B /* RecipeCollectionViewCell.swift */,
				AF0A66411C84E0EF0008E41B /* IngredientTableViewCell.swift */,
				AF66A3BA1C8751B900EAAD9A /* InfoTableViewCell.swift */,
			);
			name = VIew;
			sourceTree = "<group>";
		};
		AF0A66221C80C64A0008E41B /* API */ = {
			isa = PBXGroup;
			children = (
				AF0A66201C80C6470008E41B /* API.swift */,
			);
			name = API;
			path = ..;
			sourceTree = "<group>";
		};
		AF0A662B1C80F1740008E41B /* Models */ = {
			isa = PBXGroup;
			children = (
				AF0A66531C8662A80008E41B /* Grocery.swift */,
				AF0A66571C8668FB0008E41B /* GroceryMemory.swift */,
				AF0A66391C8129BF0008E41B /* Matches.swift */,
				AF0A662E1C80F8F10008E41B /* ModelAdditions.swift */,
				AF0A664D1C86620A0008E41B /* GroceryTask.swift */,
				AF0A66551C8667790008E41B /* Additions.swift */,
			);
			name = Models;
			path = ..;
			sourceTree = "<group>";
		};
		AF0A66361C8125390008E41B /* Identity */ = {
			isa = PBXGroup;
			children = (
				AF0A66341C8125360008E41B /* Identity.swift */,
			);
			name = Identity;
			sourceTree = "<group>";
		};
/* End PBXGroup section */

/* Begin PBXNativeTarget section */
		AF0A66071C80C4A20008E41B /* Project1 */ = {
			isa = PBXNativeTarget;
			buildConfigurationList = AF0A661A1C80C4A20008E41B /* Build configuration list for PBXNativeTarget "Project1" */;
			buildPhases = (
				AF0A66041C80C4A20008E41B /* Sources */,
				AF0A66051C80C4A20008E41B /* Frameworks */,
				AF0A66061C80C4A20008E41B /* Resources */,
			);
			buildRules = (
			);
			dependencies = (
			);
			name = Project1;
			productName = Project1;
			productReference = AF0A66081C80C4A20008E41B /* Project1.app */;
			productType = "com.apple.product-type.application";
		};
/* End PBXNativeTarget section */

/* Begin PBXProject section */
		AF0A66001C80C4A20008E41B /* Project object */ = {
			isa = PBXProject;
			attributes = {
				LastSwiftUpdateCheck = 0720;
				LastUpgradeCheck = 0720;
				ORGANIZATIONNAME = "Lacey Vu";
				TargetAttributes = {
					AF0A66071C80C4A20008E41B = {
						CreatedOnToolsVersion = 7.2.1;
					};
				};
			};
			buildConfigurationList = AF0A66031C80C4A20008E41B /* Build configuration list for PBXProject "Project1" */;
			compatibilityVersion = "Xcode 3.2";
			developmentRegion = English;
			hasScannedForEncodings = 0;
			knownRegions = (
				en,
				Base,
			);
			mainGroup = AF0A65FF1C80C4A20008E41B;
			productRefGroup = AF0A66091C80C4A20008E41B /* Products */;
			projectDirPath = "";
			projectRoot = "";
			targets = (
				AF0A66071C80C4A20008E41B /* Project1 */,
			);
		};
/* End PBXProject section */

/* Begin PBXResourcesBuildPhase section */
		AF0A66061C80C4A20008E41B /* Resources */ = {
			isa = PBXResourcesBuildPhase;
			buildActionMask = 2147483647;
			files = (
				AF0A66161C80C4A20008E41B /* LaunchScreen.storyboard in Resources */,
				AF0A66131C80C4A20008E41B /* Assets.xcassets in Resources */,
				AF0A66111C80C4A20008E41B /* Main.storyboard in Resources */,
			);
			runOnlyForDeploymentPostprocessing = 0;
		};
/* End PBXResourcesBuildPhase section */

/* Begin PBXSourcesBuildPhase section */
		AF0A66041C80C4A20008E41B /* Sources */ = {
			isa = PBXSourcesBuildPhase;
			buildActionMask = 2147483647;
			files = (
				AF0A664C1C8632CB0008E41B /* SearchRecipeCell.swift in Sources */,
				AF0A66351C8125360008E41B /* Identity.swift in Sources */,
				AF0A66561C8667790008E41B /* Additions.swift in Sources */,
				AF66A3BB1C8751B900EAAD9A /* InfoTableViewCell.swift in Sources */,
				AF0A663E1C84C6EA0008E41B /* GroceryViewController.swift in Sources */,
				AF0A660E1C80C4A20008E41B /* HomeViewController.swift in Sources */,
				AF0A66421C84E0EF0008E41B /* IngredientTableViewCell.swift in Sources */,
				AF0A66541C8662A80008E41B /* Grocery.swift in Sources */,
				AF0A66401C84DBB00008E41B /* InfoViewController.swift in Sources */,
				AFFBBD0D1C88C17800958A3D /* SearchCollectionFlowLayout.swift in Sources */,
				AF0A66441C84EDB60008E41B /* SearchViewController.swift in Sources */,
				AF0A662F1C80F8F10008E41B /* ModelAdditions.swift in Sources */,
				AF0A664E1C86620A0008E41B /* GroceryTask.swift in Sources */,
				AF0A663A1C8129BF0008E41B /* Matches.swift in Sources */,
				AF0A66581C8668FB0008E41B /* GroceryMemory.swift in Sources */,
				AF0A663C1C817C030008E41B /* RecipeCollectionViewCell.swift in Sources */,
				AF0A66211C80C6470008E41B /* API.swift in Sources */,
				AF0A66461C8511910008E41B /* WebViewController.swift in Sources */,
				AF0A660C1C80C4A20008E41B /* AppDelegate.swift in Sources */,
			);
			runOnlyForDeploymentPostprocessing = 0;
		};
/* End PBXSourcesBuildPhase section */

/* Begin PBXVariantGroup section */
		AF0A660F1C80C4A20008E41B /* Main.storyboard */ = {
			isa = PBXVariantGroup;
			children = (
				AF0A66101C80C4A20008E41B /* Base */,
			);
			name = Main.storyboard;
			sourceTree = "<group>";
		};
		AF0A66141C80C4A20008E41B /* LaunchScreen.storyboard */ = {
			isa = PBXVariantGroup;
			children = (
				AF0A66151C80C4A20008E41B /* Base */,
			);
			name = LaunchScreen.storyboard;
			sourceTree = "<group>";
		};
/* End PBXVariantGroup section */

/* Begin XCBuildConfiguration section */
		AF0A66181C80C4A20008E41B /* Debug */ = {
			isa = XCBuildConfiguration;
			buildSettings = {
				ALWAYS_SEARCH_USER_PATHS = NO;
				CLANG_CXX_LANGUAGE_STANDARD = "gnu++0x";
				CLANG_CXX_LIBRARY = "libc++";
				CLANG_ENABLE_MODULES = YES;
				CLANG_ENABLE_OBJC_ARC = YES;
				CLANG_WARN_BOOL_CONVERSION = YES;
				CLANG_WARN_CONSTANT_CONVERSION = YES;
				CLANG_WARN_DIRECT_OBJC_ISA_USAGE = YES_ERROR;
				CLANG_WARN_EMPTY_BODY = YES;
				CLANG_WARN_ENUM_CONVERSION = YES;
				CLANG_WARN_INT_CONVERSION = YES;
				CLANG_WARN_OBJC_ROOT_CLASS = YES_ERROR;
				CLANG_WARN_UNREACHABLE_CODE = YES;
				CLANG_WARN__DUPLICATE_METHOD_MATCH = YES;
				"CODE_SIGN_IDENTITY[sdk=iphoneos*]" = "iPhone Developer";
				COPY_PHASE_STRIP = NO;
				DEBUG_INFORMATION_FORMAT = dwarf;
				ENABLE_STRICT_OBJC_MSGSEND = YES;
				ENABLE_TESTABILITY = YES;
				GCC_C_LANGUAGE_STANDARD = gnu99;
				GCC_DYNAMIC_NO_PIC = NO;
				GCC_NO_COMMON_BLOCKS = YES;
				GCC_OPTIMIZATION_LEVEL = 0;
				GCC_PREPROCESSOR_DEFINITIONS = (
					"DEBUG=1",
					"$(inherited)",
				);
				GCC_WARN_64_TO_32_BIT_CONVERSION = YES;
				GCC_WARN_ABOUT_RETURN_TYPE = YES_ERROR;
				GCC_WARN_UNDECLARED_SELECTOR = YES;
				GCC_WARN_UNINITIALIZED_AUTOS = YES_AGGRESSIVE;
				GCC_WARN_UNUSED_FUNCTION = YES;
				GCC_WARN_UNUSED_VARIABLE = YES;
				IPHONEOS_DEPLOYMENT_TARGET = 9.2;
				MTL_ENABLE_DEBUG_INFO = YES;
				ONLY_ACTIVE_ARCH = YES;
				SDKROOT = iphoneos;
				SWIFT_OPTIMIZATION_LEVEL = "-Onone";
				TARGETED_DEVICE_FAMILY = "1,2";
			};
			name = Debug;
		};
		AF0A66191C80C4A20008E41B /* Release */ = {
			isa = XCBuildConfiguration;
			buildSettings = {
				ALWAYS_SEARCH_USER_PATHS = NO;
				CLANG_CXX_LANGUAGE_STANDARD = "gnu++0x";
				CLANG_CXX_LIBRARY = "libc++";
				CLANG_ENABLE_MODULES = YES;
				CLANG_ENABLE_OBJC_ARC = YES;
				CLANG_WARN_BOOL_CONVERSION = YES;
				CLANG_WARN_CONSTANT_CONVERSION = YES;
				CLANG_WARN_DIRECT_OBJC_ISA_USAGE = YES_ERROR;
				CLANG_WARN_EMPTY_BODY = YES;
				CLANG_WARN_ENUM_CONVERSION = YES;
				CLANG_WARN_INT_CONVERSION = YES;
				CLANG_WARN_OBJC_ROOT_CLASS = YES_ERROR;
				CLANG_WARN_UNREACHABLE_CODE = YES;
				CLANG_WARN__DUPLICATE_METHOD_MATCH = YES;
				"CODE_SIGN_IDENTITY[sdk=iphoneos*]" = "iPhone Developer";
				COPY_PHASE_STRIP = NO;
				DEBUG_INFORMATION_FORMAT = "dwarf-with-dsym";
				ENABLE_NS_ASSERTIONS = NO;
				ENABLE_STRICT_OBJC_MSGSEND = YES;
				GCC_C_LANGUAGE_STANDARD = gnu99;
				GCC_NO_COMMON_BLOCKS = YES;
				GCC_WARN_64_TO_32_BIT_CONVERSION = YES;
				GCC_WARN_ABOUT_RETURN_TYPE = YES_ERROR;
				GCC_WARN_UNDECLARED_SELECTOR = YES;
				GCC_WARN_UNINITIALIZED_AUTOS = YES_AGGRESSIVE;
				GCC_WARN_UNUSED_FUNCTION = YES;
				GCC_WARN_UNUSED_VARIABLE = YES;
				IPHONEOS_DEPLOYMENT_TARGET = 9.2;
				MTL_ENABLE_DEBUG_INFO = NO;
				SDKROOT = iphoneos;
				TARGETED_DEVICE_FAMILY = "1,2";
				VALIDATE_PRODUCT = YES;
			};
			name = Release;
		};
		AF0A661B1C80C4A20008E41B /* Debug */ = {
			isa = XCBuildConfiguration;
			buildSettings = {
				ASSETCATALOG_COMPILER_APPICON_NAME = AppIcon;
				INFOPLIST_FILE = Project1/Info.plist;
				LD_RUNPATH_SEARCH_PATHS = "$(inherited) @executable_path/Frameworks";
				PRODUCT_BUNDLE_IDENTIFIER = com.laceyvu.Project1;
				PRODUCT_NAME = "$(TARGET_NAME)";
			};
			name = Debug;
		};
		AF0A661C1C80C4A20008E41B /* Release */ = {
			isa = XCBuildConfiguration;
			buildSettings = {
				ASSETCATALOG_COMPILER_APPICON_NAME = AppIcon;
				INFOPLIST_FILE = Project1/Info.plist;
				LD_RUNPATH_SEARCH_PATHS = "$(inherited) @executable_path/Frameworks";
				PRODUCT_BUNDLE_IDENTIFIER = com.laceyvu.Project1;
				PRODUCT_NAME = "$(TARGET_NAME)";
			};
			name = Release;
		};
/* End XCBuildConfiguration section */

/* Begin XCConfigurationList section */
		AF0A66031C80C4A20008E41B /* Build configuration list for PBXProject "Project1" */ = {
			isa = XCConfigurationList;
			buildConfigurations = (
				AF0A66181C80C4A20008E41B /* Debug */,
				AF0A66191C80C4A20008E41B /* Release */,
			);
			defaultConfigurationIsVisible = 0;
			defaultConfigurationName = Release;
		};
		AF0A661A1C80C4A20008E41B /* Build configuration list for PBXNativeTarget "Project1" */ = {
			isa = XCConfigurationList;
			buildConfigurations = (
				AF0A661B1C80C4A20008E41B /* Debug */,
				AF0A661C1C80C4A20008E41B /* Release */,
			);
			defaultConfigurationIsVisible = 0;
			defaultConfigurationName = Release;
		};
/* End XCConfigurationList section */
	};
	rootObject = AF0A66001C80C4A20008E41B /* Project object */;
}
